{
  "nodes": {
    "caelestia-cli": {
      "inputs": {
        "caelestia-shell": "caelestia-shell",
        "nixpkgs": [
          "nixpkgs"
        ]
      },
      "locked": {
        "lastModified": 1782037866,
        "narHash": "sha256-vSmMfN6fHvc1Cr1uPeiZchGeCdXbw0j1wxmk4cQdEbs=",
        "owner": "caelestia-dots",
        "repo": "cli",
        "rev": "d3ce42b126b020782a5e960232b90bd6bcf22453",
        "type": "github"
      },
      "original": {
        "owner": "caelestia-dots",
        "repo": "cli",
        "type": "github"
      }
    },
    "caelestia-cli_2": {
      "inputs": {
        "caelestia-shell": [
          "caelestia-shell"
        ],
        "nixpkgs": [
          "caelestia-shell",
          "nixpkgs"
        ]
      },
      "locked": {
        "lastModified": 1781930126,
        "narHash": "sha256-AopjjM6497f3Usb6IAZgensjtzGlYGGpJLw7DRtP67I=",
        "owner": "caelestia-dots",
        "repo": "cli",
        "rev": "b00dabaa9351d1383dfba162f5b3575b49a126e1",
        "type": "github"
      },
      "original": {
        "owner": "caelestia-dots",
        "repo": "cli",
        "type": "github"
      }
    },
    "caelestia-shell": {
      "inputs": {
        "caelestia-cli": [
          "caelestia-cli"
        ],
        "m3shapes": "m3shapes",
        "nixpkgs": [
          "caelestia-cli",
          "nixpkgs"
        ],
        "quickshell": "quickshell"
      },
      "locked": {
        "lastModified": 1782013769,
        "narHash": "sha256-3j6GU+y8RSyRAibriCePKqqU4UPf6qjabUD9cfjehcM=",
        "owner": "caelestia-dots",
        "repo": "shell",
        "rev": "74e4970ab530b3d1a5cddb8424fcf0ee96443bd9",
        "type": "github"
      },
      "original": {
        "owner": "caelestia-dots",
        "repo": "shell",
        "type": "github"
      }
    },
    "caelestia-shell_2": {
      "inputs": {
        "caelestia-cli": "caelestia-cli_2",
        "m3shapes": "m3shapes_2",
        "nixpkgs": [
          "nixpkgs"
        ],
        "quickshell": "quickshell_2"
      },
      "locked": {
        "lastModified": 1782048179,
        "narHash": "sha256-8RSk3Jr5Ud+zJKinu4400dz7J0wWBIuqZ2Ulst7IPuI=",
        "owner": "caelestia-dots",
        "repo": "shell",
        "rev": "ddcfd10661e02b53705c0264e982debac04e215e",
        "type": "github"
      },
      "original": {
        "owner": "caelestia-dots",
        "repo": "shell",
        "type": "github"
      }
    },
    "flake-parts": {
      "inputs": {
        "nixpkgs-lib": "nixpkgs-lib"
      },
      "locked": {
        "lastModified": 1778716662,
        "narHash": "sha256-m1Yf0wZ8j1OHjTc2UwHwyQRSnNeSgLJOd7q5Y45hzi4=",
        "owner": "hercules-ci",
        "repo": "flake-parts",
        "rev": "f7c1a2d347e4c52d5fb8d10cb4d94b5884e546fb",
        "type": "github"
      },
      "original": {
        "owner": "hercules-ci",
        "repo": "flake-parts",
        "type": "github"
      }
    },
    "home-manager": {
      "inputs": {
        "nixpkgs": [
          "nixpkgs"
        ]
      },
      "locked": {
        "lastModified": 1782051614,
        "narHash": "sha256-xBRAhYLEXcjp8hM2tkkTTLb6PWU7VDxDoogl25g7Ezs=",
        "owner": "nix-community",
        "repo": "home-manager",
        "rev": "d1ccd0721ec599866622665f3651e19e6e2d4c6a",
        "type": "github"
      },
      "original": {
        "owner": "nix-community",
        "repo": "home-manager",
        "type": "github"
      }
    },
    "hyprland-contrib": {
      "inputs": {
        "nixpkgs": [
          "nixpkgs"
        ]
      },
      "locked": {
        "lastModified": 1780083791,
        "narHash": "sha256-epTJKmTCNL1Hm6/YdEWAgiOMVBSzC9/v/rjyOieP3yA=",
        "owner": "hyprwm",
        "repo": "contrib",
        "rev": "bf1a7cdb086587e6bed6e8ecd285a81c01a11c54",
        "type": "github"
      },
      "original": {
        "owner": "hyprwm",
        "repo": "contrib",
        "type": "github"
      }
    },
    "llama-cpp": {
      "inputs": {
        "flake-parts": "flake-parts",
        "nixpkgs": [
          "nixpkgs"
        ]
      },
      "locked": {
        "lastModified": 1782056212,
        "narHash": "sha256-rUrG7fnuF8Pd03TXQR90swGmA9L3OuOuUkbJdaPTUek=",
        "owner": "ggml-org",
        "repo": "llama.cpp",
        "rev": "7c082bc417bbe53210a83df4ba5b49e18ce6193c",
        "type": "github"
      },
      "original": {
        "owner": "ggml-org",
        "repo": "llama.cpp",
        "type": "github"
      }
    },
    "m3shapes": {
      "flake": false,
      "locked": {
        "lastModified": 1781017666,
        "narHash": "sha256-kfHyzZaPHgqZML48OA+5JwBOsLdQJ2ci/aGPShvUB4Y=",
        "owner": "soramanew",
        "repo": "m3shapes",
        "rev": "bdc327b29f95394a732baf3c9b19658ba23755b6",
        "type": "github"
      },
      "original": {
        "owner": "soramanew",
        "repo": "m3shapes",
        "rev": "bdc327b29f95394a732baf3c9b19658ba23755b6",
        "type": "github"
      }
    },
    "m3shapes_2": {
      "flake": false,
      "locked": {
        "lastModified": 1781017666,
        "narHash": "sha256-kfHyzZaPHgqZML48OA+5JwBOsLdQJ2ci/aGPShvUB4Y=",
        "owner": "soramanew",
        "repo": "m3shapes",
        "rev": "bdc327b29f95394a732baf3c9b19658ba23755b6",
        "type": "github"
      },
      "original": {
        "owner": "soramanew",
        "repo": "m3shapes",
        "rev": "bdc327b29f95394a732baf3c9b19658ba23755b6",
        "type": "github"
      }
    },
    "nixpkgs": {
      "locked": {
        "lastModified": 1781577229,
        "narHash": "sha256-lrp67w8AulE9Ks53n27I45ADSzbOCn4H+CNW1Ck8B+8=",
        "owner": "nixos",
        "repo": "nixpkgs",
        "rev": "567a49d1913ce81ac6e9582e3553dd90a955875f",
        "type": "github"
      },
      "original": {
        "owner": "nixos",
        "ref": "nixos-unstable",
        "repo": "nixpkgs",
        "type": "github"
      }
    },
    "nixpkgs-lib": {
      "locked": {
        "lastModified": 1777168982,
        "narHash": "sha256-GOkGPcboWE9BmGCRMLX3worL4EMnsnG8MyKmXNeYuhQ=",
        "owner": "nix-community",
        "repo": "nixpkgs.lib",
        "rev": "f5901329dade4a6ea039af1433fb087bd9c1fe14",
        "type": "github"
      },
      "original": {
        "owner": "nix-community",
        "repo": "nixpkgs.lib",
        "type": "github"
      }
    },
    "noctalia": {
      "inputs": {
        "nixpkgs": [
          "nixpkgs"
        ]
      },
      "locked": {
        "lastModified": 1782071514,
        "narHash": "sha256-C0USarJMMnjNR7WadFmc5mFtLH29QIia37dvgb0I4b4=",
        "owner": "noctalia-dev",
        "repo": "noctalia-shell",
        "rev": "68fa375fba43f1267ac9956e25698001e84dd557",
        "type": "github"
      },
      "original": {
        "owner": "noctalia-dev",
        "repo": "noctalia-shell",
        "type": "github"
      }
    },
    "quickshell": {
      "inputs": {
        "nixpkgs": [
          "caelestia-cli",
          "caelestia-shell",
          "nixpkgs"
        ]
      },
      "locked": {
        "lastModified": 1781847791,
        "narHash": "sha256-Mo2YtNEGlcySnbq0YuP3nUKMAQCMAfE+TcCffo5vzD8=",
        "ref": "refs/heads/master",
        "rev": "68c2c85c33845385f7ab8147b32f1450b1e468e0",
        "revCount": 824,
        "type": "git",
        "url": "https://git.outfoxxed.me/outfoxxed/quickshell"
      },
      "original": {
        "type": "git",
        "url": "https://git.outfoxxed.me/outfoxxed/quickshell"
      }
    },
    "quickshell_2": {
      "inputs": {
        "nixpkgs": [
          "caelestia-shell",
          "nixpkgs"
        ]
      },
      "locked": {
        "lastModified": 1781847791,
        "narHash": "sha256-Mo2YtNEGlcySnbq0YuP3nUKMAQCMAfE+TcCffo5vzD8=",
        "ref": "refs/heads/master",
        "rev": "68c2c85c33845385f7ab8147b32f1450b1e468e0",
        "revCount": 824,
        "type": "git",
        "url": "https://git.outfoxxed.me/outfoxxed/quickshell"
      },
      "original": {
        "type": "git",
        "url": "https://git.outfoxxed.me/outfoxxed/quickshell"
      }
    },
    "root": {
      "inputs": {
        "caelestia-cli": "caelestia-cli",
        "caelestia-shell": "caelestia-shell_2",
        "home-manager": "home-manager",
        "hyprland-contrib": "hyprland-contrib",
        "llama-cpp": "llama-cpp",
        "nixpkgs": "nixpkgs",
        "noctalia": "noctalia"
      }
    }
  },
  "root": "root",
  "version": 7
}
